Microsoft Visual Studio Solution File, Format Version 11.00
# Visual Studio 2008

Project("{C094D1BB-57E0-84C5-9D56-6B2FE9DF7A86}") = "DeepSpaceMineDemo", "Assembly-CSharp-firstpass-vs.csproj", "{97BF98DF-2201-F4EE-AA82-B60EBBA4A1FA}"
EndProject
Project("{C094D1BB-57E0-84C5-9D56-6B2FE9DF7A86}") = "DeepSpaceMineDemo", "Assembly-CSharp-vs.csproj", "{D2FC87C2-A03C-2DDE-FC1B-D46B60666892}"
EndProject
Global
	GlobalSection(SolutionConfigurationPlatforms) = preSolution
		Debug|Any CPU = Debug|Any CPU
		Release|Any CPU = Release|Any CPU
	EndGlobalSection
	GlobalSection(ProjectConfigurationPlatforms) = postSolution
		{97BF98DF-2201-F4EE-AA82-B60EBBA4A1FA}.Debug|Any CPU.ActiveCfg = Debug|Any CPU
		{97BF98DF-2201-F4EE-AA82-B60EBBA4A1FA}.Debug|Any CPU.Build.0 = Debug|Any CPU
		{97BF98DF-2201-F4EE-AA82-B60EBBA4A1FA}.Release|Any CPU.ActiveCfg = Release|Any CPU
		{97BF98DF-2201-F4EE-AA82-B60EBBA4A1FA}.Release|Any CPU.Build.0 = Release|Any CPU
		{D2FC87C2-A03C-2DDE-FC1B-D46B60666892}.Debug|Any CPU.ActiveCfg = Debug|Any CPU
		{D2FC87C2-A03C-2DDE-FC1B-D46B60666892}.Debug|Any CPU.Build.0 = Debug|Any CPU
		{D2FC87C2-A03C-2DDE-FC1B-D46B60666892}.Release|Any CPU.ActiveCfg = Release|Any CPU
		{D2FC87C2-A03C-2DDE-FC1B-D46B60666892}.Release|Any CPU.Build.0 = Release|Any CPU
	EndGlobalSection
	GlobalSection(SolutionProperties) = preSolution
		HideSolutionNode = FALSE
	EndGlobalSection
						GlobalSection(MonoDevelopProperties) = preSolution
		StartupItem = Assembly-CSharp.csproj
		Policies = $0
		$0.TextStylePolicy = $1
		$1.inheritsSet = null
		$1.scope = text/x-csharp
		$0.CSharpFormattingPolicy = $2
		$2.inheritsSet = Mono
		$2.inheritsScope = text/x-csharp
		$2.scope = text/x-csharp
		$0.TextStylePolicy = $3
		$3.FileWidth = 120
		$3.TabWidth = 4
		$3.EolMarker = Unix
		$3.inheritsSet = Mono
		$3.inheritsScope = text/plain
		$3.scope = text/plain
	EndGlobalSection

EndGlobal
